
Microsoft Visual Studio Solution File, Format Version 12.00
# Visual Studio Version 16
VisualStudioVersion = 16.0.29009.5
MinimumVisualStudioVersion = 10.0.40219.1
Project("{FAE04EC0-301F-11D3-BF4B-00C04F79EFBC}") = "FreeFlowAPI", "FreeFlowAPI.csproj", "{F441E077-3D99-401C-8719-4E8F95A7D307}"
EndProject
Global
	GlobalSection(SolutionConfigurationPlatforms) = preSolution
		Debug|Any CPU = Debug|Any CPU
		Release|Any CPU = Release|Any CPU
	EndGlobalSection
	GlobalSection(ProjectConfigurationPlatforms) = postSolution
		{F441E077-3D99-401C-8719-4E8F95A7D307}.Debug|Any CPU.ActiveCfg = Debug|Any CPU
		{F441E077-3D99-401C-8719-4E8F95A7D307}.Debug|Any CPU.Build.0 = Debug|Any CPU
		{F441E077-3D99-401C-8719-4E8F95A7D307}.Release|Any CPU.ActiveCfg = Release|Any CPU
		{F441E077-3D99-401C-8719-4E8F95A7D307}.Release|Any CPU.Build.0 = Release|Any CPU
	EndGlobalSection
	GlobalSection(SolutionProperties) = preSolution
		HideSolutionNode = FALSE
	EndGlobalSection
	GlobalSection(ExtensibilityGlobals) = postSolution
		SolutionGuid = {4BF9D9E0-BF4D-4786-A836-F7701433A79E}
	EndGlobalSection
EndGlobal
